
Microsoft Visual Studio Solution File, Format Version 12.00
# Visual Studio 2013
VisualStudioVersion = 12.0.30723.0
MinimumVisualStudioVersion = 10.0.40219.1
Project("{FAE04EC0-301F-11D3-BF4B-00C04F79EFBC}") = "ScriptCSHost", "ScriptCSHost\ScriptCSHost.csproj", "{157EA609-513A-4DDE-985F-F89139BE7E71}"
EndProject
Project("{2150E333-8FDC-42A3-9474-1A3956D46DE8}") = "CSX Files", "CSX Files", "{A01E754F-A923-4037-B103-FBD62A43A580}"
	ProjectSection(SolutionItems) = preProject
		CSX Files\app.csx = CSX Files\app.csx
		CSX Files\app2.csx = CSX Files\app2.csx
	EndProjectSection
EndProject
Project("{FAE04EC0-301F-11D3-BF4B-00C04F79EFBC}") = "ScriptCSHostTests", "ScriptCSHostTests\ScriptCSHostTests.csproj", "{982FEC0A-F68B-40F3-B75A-711B45BFF210}"
EndProject
Global
	GlobalSection(SolutionConfigurationPlatforms) = preSolution
		Debug|Any CPU = Debug|Any CPU
		Release|Any CPU = Release|Any CPU
	EndGlobalSection
	GlobalSection(ProjectConfigurationPlatforms) = postSolution
		{157EA609-513A-4DDE-985F-F89139BE7E71}.Debug|Any CPU.ActiveCfg = Debug|Any CPU
		{157EA609-513A-4DDE-985F-F89139BE7E71}.Debug|Any CPU.Build.0 = Debug|Any CPU
		{157EA609-513A-4DDE-985F-F89139BE7E71}.Release|Any CPU.ActiveCfg = Release|Any CPU
		{157EA609-513A-4DDE-985F-F89139BE7E71}.Release|Any CPU.Build.0 = Release|Any CPU
		{982FEC0A-F68B-40F3-B75A-711B45BFF210}.Debug|Any CPU.ActiveCfg = Debug|Any CPU
		{982FEC0A-F68B-40F3-B75A-711B45BFF210}.Debug|Any CPU.Build.0 = Debug|Any CPU
		{982FEC0A-F68B-40F3-B75A-711B45BFF210}.Release|Any CPU.ActiveCfg = Release|Any CPU
		{982FEC0A-F68B-40F3-B75A-711B45BFF210}.Release|Any CPU.Build.0 = Release|Any CPU
	EndGlobalSection
	GlobalSection(SolutionProperties) = preSolution
		HideSolutionNode = FALSE
	EndGlobalSection
EndGlobal
